
Microsoft Visual Studio Solution File, Format Version 12.00
# Visual Studio 2013
VisualStudioVersion = 12.0.31101.0
MinimumVisualStudioVersion = 10.0.40219.1
Project("{FAE04EC0-301F-11D3-BF4B-00C04F79EFBC}") = "System.DateAndTime", "System.DateAndTime\System.DateAndTime.csproj", "{7B8F9591-0300-4CA0-9CFF-D9E5099228FF}"
EndProject
Project("{FAE04EC0-301F-11D3-BF4B-00C04F79EFBC}") = "System.DateAndTime.Tests", "System.DateAndTime.Tests\System.DateAndTime.Tests.csproj", "{D972E4DB-EAF2-4C58-93FF-DFE74FCA0A30}"
EndProject
Global
	GlobalSection(SolutionConfigurationPlatforms) = preSolution
		Debug|Any CPU = Debug|Any CPU
		Release|Any CPU = Release|Any CPU
	EndGlobalSection
	GlobalSection(ProjectConfigurationPlatforms) = postSolution
		{7B8F9591-0300-4CA0-9CFF-D9E5099228FF}.Debug|Any CPU.ActiveCfg = Debug|Any CPU
		{7B8F9591-0300-4CA0-9CFF-D9E5099228FF}.Debug|Any CPU.Build.0 = Debug|Any CPU
		{7B8F9591-0300-4CA0-9CFF-D9E5099228FF}.Release|Any CPU.ActiveCfg = Release|Any CPU
		{7B8F9591-0300-4CA0-9CFF-D9E5099228FF}.Release|Any CPU.Build.0 = Release|Any CPU
		{D972E4DB-EAF2-4C58-93FF-DFE74FCA0A30}.Debug|Any CPU.ActiveCfg = Debug|Any CPU
		{D972E4DB-EAF2-4C58-93FF-DFE74FCA0A30}.Debug|Any CPU.Build.0 = Debug|Any CPU
		{D972E4DB-EAF2-4C58-93FF-DFE74FCA0A30}.Release|Any CPU.ActiveCfg = Release|Any CPU
		{D972E4DB-EAF2-4C58-93FF-DFE74FCA0A30}.Release|Any CPU.Build.0 = Release|Any CPU
	EndGlobalSection
	GlobalSection(SolutionProperties) = preSolution
		HideSolutionNode = FALSE
	EndGlobalSection
EndGlobal
